// !$*UTF8*$!
{
	archiveVersion = 1;
	classes = {
	};
	objectVersion = 56;
	objects = {

/* Begin PBXBuildFile section */
		419FDBCC29A1B9620090C1EA /* main.c in Sources */ = {isa = PBXBuildFile; fileRef = 419FDBCB29A1B9620090C1EA /* main.c */; };
		419FDBF529A1BA850090C1EA /* ArrayList.c in Sources */ = {isa = PBXBuildFile; fileRef = 419FDBF429A1BA850090C1EA /* ArrayList.c */; };
		419FDBFD29A277EA0090C1EA /* main.c in Sources */ = {isa = PBXBuildFile; fileRef = 419FDBFC29A277EA0090C1EA /* main.c */; };
		419FDC0529A53E4D0090C1EA /* Point.c in Sources */ = {isa = PBXBuildFile; fileRef = 419FDC0429A53E4D0090C1EA /* Point.c */; };
		419FDC0829A5401D0090C1EA /* ArrayList.c in Sources */ = {isa = PBXBuildFile; fileRef = 419FDC0729A5401D0090C1EA /* ArrayList.c */; };
		41D3EF4929A549E90072E4D7 /* main.c in Sources */ = {isa = PBXBuildFile; fileRef = 41D3EF4829A549E90072E4D7 /* main.c */; };
		41D3EF4F29A54A180072E4D7 /* NameCard.c in Sources */ = {isa = PBXBuildFile; fileRef = 41D3EF4E29A54A180072E4D7 /* NameCard.c */; };
/* End PBXBuildFile section */

/* Begin PBXCopyFilesBuildPhase section */
		419FDBC629A1B9620090C1EA /* CopyFiles */ = {
			isa = PBXCopyFilesBuildPhase;
			buildActionMask = 2147483647;
			dstPath = /usr/share/man/man1/;
			dstSubfolderSpec = 0;
			files = (
			);
			runOnlyForDeploymentPostprocessing = 1;
		};
		419FDBF829A277EA0090C1EA /* CopyFiles */ = {
			isa = PBXCopyFilesBuildPhase;
			buildActionMask = 2147483647;
			dstPath = /usr/share/man/man1/;
			dstSubfolderSpec = 0;
			files = (
			);
			runOnlyForDeploymentPostprocessing = 1;
		};
		41D3EF4429A549E90072E4D7 /* CopyFiles */ = {
			isa = PBXCopyFilesBuildPhase;
			buildActionMask = 2147483647;
			dstPath = /usr/share/man/man1/;
			dstSubfolderSpec = 0;
			files = (
			);
			runOnlyForDeploymentPostprocessing = 1;
		};
/* End PBXCopyFilesBuildPhase section */

/* Begin PBXFileReference section */
		415EFF1129A54EE50094F9A2 /* ArrayList.h */ = {isa = PBXFileReference; lastKnownFileType = sourcecode.c.h; path = ArrayList.h; sourceTree = "<group>"; };
		419FDBC829A1B9620090C1EA /* ArrayList */ = {isa = PBXFileReference; explicitFileType = "compiled.mach-o.executable"; includeInIndex = 0; path = ArrayList; sourceTree = BUILT_PRODUCTS_DIR; };
		419FDBCB29A1B9620090C1EA /* main.c */ = {isa = PBXFileReference; lastKnownFileType = sourcecode.c.c; path = main.c; sourceTree = "<group>"; };
		419FDBF329A1BA540090C1EA /* ArrayList.h */ = {isa = PBXFileReference; lastKnownFileType = sourcecode.c.h; path = ArrayList.h; sourceTree = "<group>"; };
		419FDBF429A1BA850090C1EA /* ArrayList.c */ = {isa = PBXFileReference; lastKnownFileType = sourcecode.c.c; path = ArrayList.c; sourceTree = "<group>"; };
		419FDBFA29A277EA0090C1EA /* ListUse */ = {isa = PBXFileReference; explicitFileType = "compiled.mach-o.executable"; includeInIndex = 0; path = ListUse; sourceTree = BUILT_PRODUCTS_DIR; };
		419FDBFC29A277EA0090C1EA /* main.c */ = {isa = PBXFileReference; lastKnownFileType = sourcecode.c.c; path = main.c; sourceTree = "<group>"; };
		419FDC0229A53AF40090C1EA /* Point.h */ = {isa = PBXFileReference; lastKnownFileType = sourcecode.c.h; path = Point.h; sourceTree = "<group>"; };
		419FDC0429A53E4D0090C1EA /* Point.c */ = {isa = PBXFileReference; lastKnownFileType = sourcecode.c.c; path = Point.c; sourceTree = SOURCE_ROOT; };
		419FDC0629A540040090C1EA /* ArrayList.h */ = {isa = PBXFileReference; lastKnownFileType = sourcecode.c.h; path = ArrayList.h; sourceTree = "<group>"; };
		419FDC0729A5401D0090C1EA /* ArrayList.c */ = {isa = PBXFileReference; lastKnownFileType = sourcecode.c.c; path = ArrayList.c; sourceTree = "<group>"; };
		41D3EF4629A549E90072E4D7 /* NameCard */ = {isa = PBXFileReference; explicitFileType = "compiled.mach-o.executable"; includeInIndex = 0; path = NameCard; sourceTree = BUILT_PRODUCTS_DIR; };
		41D3EF4829A549E90072E4D7 /* main.c */ = {isa = PBXFileReference; lastKnownFileType = sourcecode.c.c; path = main.c; sourceTree = "<group>"; };
		41D3EF4D29A54A040072E4D7 /* NameCard.h */ = {isa = PBXFileReference; lastKnownFileType = sourcecode.c.h; path = NameCard.h; sourceTree = "<group>"; };
		41D3EF4E29A54A180072E4D7 /* NameCard.c */ = {isa = PBXFileReference; lastKnownFileType = sourcecode.c.c; path = NameCard.c; sourceTree = "<group>"; };
/* End PBXFileReference section */

/* Begin PBXFrameworksBuildPhase section */
		419FDBC529A1B9620090C1EA /* Frameworks */ = {
			isa = PBXFrameworksBuildPhase;
			buildActionMask = 2147483647;
			files = (
			);
			runOnlyForDeploymentPostprocessing = 0;
		};
		419FDBF729A277EA0090C1EA /* Frameworks */ = {
			isa = PBXFrameworksBuildPhase;
			buildActionMask = 2147483647;
			files = (
			);
			runOnlyForDeploymentPostprocessing = 0;
		};
		41D3EF4329A549E90072E4D7 /* Frameworks */ = {
			isa = PBXFrameworksBuildPhase;
			buildActionMask = 2147483647;
			files = (
			);
			runOnlyForDeploymentPostprocessing = 0;
		};
/* End PBXFrameworksBuildPhase section */

/* Begin PBXGroup section */
		419FDBBF29A1B9620090C1EA = {
			isa = PBXGroup;
			children = (
				419FDBCA29A1B9620090C1EA /* ArrayList */,
				419FDBFB29A277EA0090C1EA /* ListUse */,
				41D3EF4729A549E90072E4D7 /* NameCard */,
				419FDBC929A1B9620090C1EA /* Products */,
			);
			sourceTree = "<group>";
		};
		419FDBC929A1B9620090C1EA /* Products */ = {
			isa = PBXGroup;
			children = (
				419FDBC829A1B9620090C1EA /* ArrayList */,
				419FDBFA29A277EA0090C1EA /* ListUse */,
				41D3EF4629A549E90072E4D7 /* NameCard */,
			);
			name = Products;
			sourceTree = "<group>";
		};
		419FDBCA29A1B9620090C1EA /* ArrayList */ = {
			isa = PBXGroup;
			children = (
				419FDBCB29A1B9620090C1EA /* main.c */,
				419FDBF429A1BA850090C1EA /* ArrayList.c */,
				419FDBF329A1BA540090C1EA /* ArrayList.h */,
			);
			path = ArrayList;
			sourceTree = "<group>";
		};
		419FDBFB29A277EA0090C1EA /* ListUse */ = {
			isa = PBXGroup;
			children = (
				419FDC0429A53E4D0090C1EA /* Point.c */,
				419FDC0229A53AF40090C1EA /* Point.h */,
				419FDBFC29A277EA0090C1EA /* main.c */,
				419FDC0629A540040090C1EA /* ArrayList.h */,
				419FDC0729A5401D0090C1EA /* ArrayList.c */,
			);
			path = ListUse;
			sourceTree = "<group>";
		};
		41D3EF4729A549E90072E4D7 /* NameCard */ = {
			isa = PBXGroup;
			children = (
				41D3EF4829A549E90072E4D7 /* main.c */,
				41D3EF4D29A54A040072E4D7 /* NameCard.h */,
				41D3EF4E29A54A180072E4D7 /* NameCard.c */,
				415EFF1129A54EE50094F9A2 /* ArrayList.h */,
			);
			path = NameCard;
			sourceTree = "<group>";
		};
/* End PBXGroup section */

/* Begin PBXNativeTarget section */
		419FDBC729A1B9620090C1EA /* ArrayList */ = {
			isa = PBXNativeTarget;
			buildConfigurationList = 419FDBCF29A1B9620090C1EA /* Build configuration list for PBXNativeTarget "ArrayList" */;
			buildPhases = (
				419FDBC429A1B9620090C1EA /* Sources */,
				419FDBC529A1B9620090C1EA /* Frameworks */,
				419FDBC629A1B9620090C1EA /* CopyFiles */,
			);
			buildRules = (
			);
			dependencies = (
			);
			name = ArrayList;
			productName = ArrayList;
			productReference = 419FDBC829A1B9620090C1EA /* ArrayList */;
			productType = "com.apple.product-type.tool";
		};
		419FDBF929A277EA0090C1EA /* ListUse */ = {
			isa = PBXNativeTarget;
			buildConfigurationList = 419FDBFE29A277EA0090C1EA /* Build configuration list for PBXNativeTarget "ListUse" */;
			buildPhases = (
				419FDBF629A277EA0090C1EA /* Sources */,
				419FDBF729A277EA0090C1EA /* Frameworks */,
				419FDBF829A277EA0090C1EA /* CopyFiles */,
			);
			buildRules = (
			);
			dependencies = (
			);
			name = ListUse;
			productName = ListUse;
			productReference = 419FDBFA29A277EA0090C1EA /* ListUse */;
			productType = "com.apple.product-type.tool";
		};
		41D3EF4529A549E90072E4D7 /* NameCard */ = {
			isa = PBXNativeTarget;
			buildConfigurationList = 41D3EF4C29A549E90072E4D7 /* Build configuration list for PBXNativeTarget "NameCard" */;
			buildPhases = (
				41D3EF4229A549E90072E4D7 /* Sources */,
				41D3EF4329A549E90072E4D7 /* Frameworks */,
				41D3EF4429A549E90072E4D7 /* CopyFiles */,
			);
			buildRules = (
			);
			dependencies = (
			);
			name = NameCard;
			productName = NameCard;
			productReference = 41D3EF4629A549E90072E4D7 /* NameCard */;
			productType = "com.apple.product-type.tool";
		};
/* End PBXNativeTarget section */

/* Begin PBXProject section */
		419FDBC029A1B9620090C1EA /* Project object */ = {
			isa = PBXProject;
			attributes = {
				BuildIndependentTargetsInParallel = 1;
				LastUpgradeCheck = 1410;
				TargetAttributes = {
					419FDBC729A1B9620090C1EA = {
						CreatedOnToolsVersion = 14.1;
					};
					419FDBF929A277EA0090C1EA = {
						CreatedOnToolsVersion = 14.1;
					};
					41D3EF4529A549E90072E4D7 = {
						CreatedOnToolsVersion = 14.1;
					};
				};
			};
			buildConfigurationList = 419FDBC329A1B9620090C1EA /* Build configuration list for PBXProject "ArrayList" */;
			compatibilityVersion = "Xcode 14.0";
			developmentRegion = en;
			hasScannedForEncodings = 0;
			knownRegions = (
				en,
				Base,
			);
			mainGroup = 419FDBBF29A1B9620090C1EA;
			productRefGroup = 419FDBC929A1B9620090C1EA /* Products */;
			projectDirPath = "";
			projectRoot = "";
			targets = (
				419FDBC729A1B9620090C1EA /* ArrayList */,
				419FDBF929A277EA0090C1EA /* ListUse */,
				41D3EF4529A549E90072E4D7 /* NameCard */,
			);
		};
/* End PBXProject section */

/* Begin PBXSourcesBuildPhase section */
		419FDBC429A1B9620090C1EA /* Sources */ = {
			isa = PBXSourcesBuildPhase;
			buildActionMask = 2147483647;
			files = (
				419FDBCC29A1B9620090C1EA /* main.c in Sources */,
				419FDBF529A1BA850090C1EA /* ArrayList.c in Sources */,
			);
			runOnlyForDeploymentPostprocessing = 0;
		};
		419FDBF629A277EA0090C1EA /* Sources */ = {
			isa = PBXSourcesBuildPhase;
			buildActionMask = 2147483647;
			files = (
				419FDC0829A5401D0090C1EA /* ArrayList.c in Sources */,
				419FDC0529A53E4D0090C1EA /* Point.c in Sources */,
				419FDBFD29A277EA0090C1EA /* main.c in Sources */,
			);
			runOnlyForDeploymentPostprocessing = 0;
		};
		41D3EF4229A549E90072E4D7 /* Sources */ = {
			isa = PBXSourcesBuildPhase;
			buildActionMask = 2147483647;
			files = (
				41D3EF4F29A54A180072E4D7 /* NameCard.c in Sources */,
				41D3EF4929A549E90072E4D7 /* main.c in Sources */,
			);
			runOnlyForDeploymentPostprocessing = 0;
		};
/* End PBXSourcesBuildPhase section */

/* Begin XCBuildConfiguration section */
		419FDBCD29A1B9620090C1EA /* Debug */ = {
			isa = XCBuildConfiguration;
			buildSettings = {
				ALWAYS_SEARCH_USER_PATHS = NO;
				CLANG_ANALYZER_NONNULL = YES;
				CLANG_ANALYZER_NUMBER_OBJECT_CONVERSION = YES_AGGRESSIVE;
				CLANG_CXX_LANGUAGE_STANDARD = "gnu++20";
				CLANG_ENABLE_MODULES = YES;
				CLANG_ENABLE_OBJC_ARC = YES;
				CLANG_ENABLE_OBJC_WEAK = YES;
				CLANG_WARN_BLOCK_CAPTURE_AUTORELEASING = YES;
				CLANG_WARN_BOOL_CONVERSION = YES;
				CLANG_WARN_COMMA = YES;
				CLANG_WARN_CONSTANT_CONVERSION = YES;
				CLANG_WARN_DEPRECATED_OBJC_IMPLEMENTATIONS = YES;
				CLANG_WARN_DIRECT_OBJC_ISA_USAGE = YES_ERROR;
				CLANG_WARN_DOCUMENTATION_COMMENTS = YES;
				CLANG_WARN_EMPTY_BODY = YES;
				CLANG_WARN_ENUM_CONVERSION = YES;
				CLANG_WARN_INFINITE_RECURSION = YES;
				CLANG_WARN_INT_CONVERSION = YES;
				CLANG_WARN_NON_LITERAL_NULL_CONVERSION = YES;
				CLANG_WARN_OBJC_IMPLICIT_RETAIN_SELF = YES;
				CLANG_WARN_OBJC_LITERAL_CONVERSION = YES;
				CLANG_WARN_OBJC_ROOT_CLASS = YES_ERROR;
				CLANG_WARN_QUOTED_INCLUDE_IN_FRAMEWORK_HEADER = YES;
				CLANG_WARN_RANGE_LOOP_ANALYSIS = YES;
				CLANG_WARN_STRICT_PROTOTYPES = YES;
				CLANG_WARN_SUSPICIOUS_MOVE = YES;
				CLANG_WARN_UNGUARDED_AVAILABILITY = YES_AGGRESSIVE;
				CLANG_WARN_UNREACHABLE_CODE = YES;
				CLANG_WARN__DUPLICATE_METHOD_MATCH = YES;
				COPY_PHASE_STRIP = NO;
				DEBUG_INFORMATION_FORMAT = dwarf;
				ENABLE_STRICT_OBJC_MSGSEND = YES;
				ENABLE_TESTABILITY = YES;
				GCC_C_LANGUAGE_STANDARD = gnu11;
				GCC_DYNAMIC_NO_PIC = NO;
				GCC_NO_COMMON_BLOCKS = YES;
				GCC_OPTIMIZATION_LEVEL = 0;
				GCC_PREPROCESSOR_DEFINITIONS = (
					"DEBUG=1",
					"$(inherited)",
				);
				GCC_WARN_64_TO_32_BIT_CONVERSION = YES;
				GCC_WARN_ABOUT_RETURN_TYPE = YES_ERROR;
				GCC_WARN_UNDECLARED_SELECTOR = YES;
				GCC_WARN_UNINITIALIZED_AUTOS = YES_AGGRESSIVE;
				GCC_WARN_UNUSED_FUNCTION = YES;
				GCC_WARN_UNUSED_VARIABLE = YES;
				MACOSX_DEPLOYMENT_TARGET = 13.0;
				MTL_ENABLE_DEBUG_INFO = INCLUDE_SOURCE;
				MTL_FAST_MATH = YES;
				ONLY_ACTIVE_ARCH = YES;
				SDKROOT = macosx;
			};
			name = Debug;
		};
		419FDBCE29A1B9620090C1EA /* Release */ = {
			isa = XCBuildConfiguration;
			buildSettings = {
				ALWAYS_SEARCH_USER_PATHS = NO;
				CLANG_ANALYZER_NONNULL = YES;
				CLANG_ANALYZER_NUMBER_OBJECT_CONVERSION = YES_AGGRESSIVE;
				CLANG_CXX_LANGUAGE_STANDARD = "gnu++20";
				CLANG_ENABLE_MODULES = YES;
				CLANG_ENABLE_OBJC_ARC = YES;
				CLANG_ENABLE_OBJC_WEAK = YES;
				CLANG_WARN_BLOCK_CAPTURE_AUTORELEASING = YES;
				CLANG_WARN_BOOL_CONVERSION = YES;
				CLANG_WARN_COMMA = YES;
				CLANG_WARN_CONSTANT_CONVERSION = YES;
				CLANG_WARN_DEPRECATED_OBJC_IMPLEMENTATIONS = YES;
				CLANG_WARN_DIRECT_OBJC_ISA_USAGE = YES_ERROR;
				CLANG_WARN_DOCUMENTATION_COMMENTS = YES;
				CLANG_WARN_EMPTY_BODY = YES;
				CLANG_WARN_ENUM_CONVERSION = YES;
				CLANG_WARN_INFINITE_RECURSION = YES;
				CLANG_WARN_INT_CONVERSION = YES;
				CLANG_WARN_NON_LITERAL_NULL_CONVERSION = YES;
				CLANG_WARN_OBJC_IMPLICIT_RETAIN_SELF = YES;
				CLANG_WARN_OBJC_LITERAL_CONVERSION = YES;
				CLANG_WARN_OBJC_ROOT_CLASS = YES_ERROR;
				CLANG_WARN_QUOTED_INCLUDE_IN_FRAMEWORK_HEADER = YES;
				CLANG_WARN_RANGE_LOOP_ANALYSIS = YES;
				CLANG_WARN_STRICT_PROTOTYPES = YES;
				CLANG_WARN_SUSPICIOUS_MOVE = YES;
				CLANG_WARN_UNGUARDED_AVAILABILITY = YES_AGGRESSIVE;
				CLANG_WARN_UNREACHABLE_CODE = YES;
				CLANG_WARN__DUPLICATE_METHOD_MATCH = YES;
				COPY_PHASE_STRIP = NO;
				DEBUG_INFORMATION_FORMAT = "dwarf-with-dsym";
				ENABLE_NS_ASSERTIONS = NO;
				ENABLE_STRICT_OBJC_MSGSEND = YES;
				GCC_C_LANGUAGE_STANDARD = gnu11;
				GCC_NO_COMMON_BLOCKS = YES;
				GCC_WARN_64_TO_32_BIT_CONVERSION = YES;
				GCC_WARN_ABOUT_RETURN_TYPE = YES_ERROR;
				GCC_WARN_UNDECLARED_SELECTOR = YES;
				GCC_WARN_UNINITIALIZED_AUTOS = YES_AGGRESSIVE;
				GCC_WARN_UNUSED_FUNCTION = YES;
				GCC_WARN_UNUSED_VARIABLE = YES;
				MACOSX_DEPLOYMENT_TARGET = 13.0;
				MTL_ENABLE_DEBUG_INFO = NO;
				MTL_FAST_MATH = YES;
				SDKROOT = macosx;
			};
			name = Release;
		};
		419FDBD029A1B9620090C1EA /* Debug */ = {
			isa = XCBuildConfiguration;
			buildSettings = {
				CODE_SIGN_STYLE = Automatic;
				PRODUCT_NAME = "$(TARGET_NAME)";
			};
			name = Debug;
		};
		419FDBD129A1B9620090C1EA /* Release */ = {
			isa = XCBuildConfiguration;
			buildSettings = {
				CODE_SIGN_STYLE = Automatic;
				PRODUCT_NAME = "$(TARGET_NAME)";
			};
			name = Release;
		};
		419FDBFF29A277EA0090C1EA /* Debug */ = {
			isa = XCBuildConfiguration;
			buildSettings = {
				CODE_SIGN_STYLE = Automatic;
				PRODUCT_NAME = "$(TARGET_NAME)";
			};
			name = Debug;
		};
		419FDC0029A277EA0090C1EA /* Release */ = {
			isa = XCBuildConfiguration;
			buildSettings = {
				CODE_SIGN_STYLE = Automatic;
				PRODUCT_NAME = "$(TARGET_NAME)";
			};
			name = Release;
		};
		41D3EF4A29A549E90072E4D7 /* Debug */ = {
			isa = XCBuildConfiguration;
			buildSettings = {
				CODE_SIGN_STYLE = Automatic;
				PRODUCT_NAME = "$(TARGET_NAME)";
			};
			name = Debug;
		};
		41D3EF4B29A549E90072E4D7 /* Release */ = {
			isa = XCBuildConfiguration;
			buildSettings = {
				CODE_SIGN_STYLE = Automatic;
				PRODUCT_NAME = "$(TARGET_NAME)";
			};
			name = Release;
		};
/* End XCBuildConfiguration section */

/* Begin XCConfigurationList section */
		419FDBC329A1B9620090C1EA /* Build configuration list for PBXProject "ArrayList" */ = {
			isa = XCConfigurationList;
			buildConfigurations = (
				419FDBCD29A1B9620090C1EA /* Debug */,
				419FDBCE29A1B9620090C1EA /* Release */,
			);
			defaultConfigurationIsVisible = 0;
			defaultConfigurationName = Release;
		};
		419FDBCF29A1B9620090C1EA /* Build configuration list for PBXNativeTarget "ArrayList" */ = {
			isa = XCConfigurationList;
			buildConfigurations = (
				419FDBD029A1B9620090C1EA /* Debug */,
				419FDBD129A1B9620090C1EA /* Release */,
			);
			defaultConfigurationIsVisible = 0;
			defaultConfigurationName = Release;
		};
		419FDBFE29A277EA0090C1EA /* Build configuration list for PBXNativeTarget "ListUse" */ = {
			isa = XCConfigurationList;
			buildConfigurations = (
				419FDBFF29A277EA0090C1EA /* Debug */,
				419FDC0029A277EA0090C1EA /* Release */,
			);
			defaultConfigurationIsVisible = 0;
			defaultConfigurationName = Release;
		};
		41D3EF4C29A549E90072E4D7 /* Build configuration list for PBXNativeTarget "NameCard" */ = {
			isa = XCConfigurationList;
			buildConfigurations = (
				41D3EF4A29A549E90072E4D7 /* Debug */,
				41D3EF4B29A549E90072E4D7 /* Release */,
			);
			defaultConfigurationIsVisible = 0;
			defaultConfigurationName = Release;
		};
/* End XCConfigurationList section */
	};
	rootObject = 419FDBC029A1B9620090C1EA /* Project object */;
}
