// !$*UTF8*$!
{
	archiveVersion = 1;
	classes = {
	};
	objectVersion = 56;
	objects = {

/* Begin PBXBuildFile section */
		413FEB7229EEDDDA00B196FF /* 미친과제.c in Sources */ = {isa = PBXBuildFile; fileRef = 413FEB7129EEDDDA00B196FF /* 미친과제.c */; };
		413FEB7529EEDE3700B196FF /* 진짜미친과제.c in Sources */ = {isa = PBXBuildFile; fileRef = 413FEB7429EEDE3700B196FF /* 진짜미친과제.c */; };
		4147654729CB52BB00512725 /* main.c in Sources */ = {isa = PBXBuildFile; fileRef = 4147654629CB52BB00512725 /* main.c */; };
		4147655429CB52E500512725 /* ex2-3.c in Sources */ = {isa = PBXBuildFile; fileRef = 4147655329CB52E500512725 /* ex2-3.c */; };
		4147655929CC93CA00512725 /* ex2-5.c in Sources */ = {isa = PBXBuildFile; fileRef = 4147655829CC93CA00512725 /* ex2-5.c */; };
		4147655B29CC971500512725 /* ex2-6.c in Sources */ = {isa = PBXBuildFile; fileRef = 4147655A29CC971500512725 /* ex2-6.c */; };
		4147655D29CC983B00512725 /* ex2-7.c in Sources */ = {isa = PBXBuildFile; fileRef = 4147655C29CC983B00512725 /* ex2-7.c */; };
		4147655F29CCA2CA00512725 /* ex2-12.c in Sources */ = {isa = PBXBuildFile; fileRef = 4147655E29CCA2CA00512725 /* ex2-12.c */; };
		41578FC729DD9D9000CBC689 /* ex3-1.c in Sources */ = {isa = PBXBuildFile; fileRef = 41578FC629DD9D9000CBC689 /* ex3-1.c */; };
		41578FCC29DDA04800CBC689 /* ex3-2.c in Sources */ = {isa = PBXBuildFile; fileRef = 41578FCB29DDA04800CBC689 /* ex3-2.c */; };
		41578FCE29DDA1EF00CBC689 /* ex3-3.c in Sources */ = {isa = PBXBuildFile; fileRef = 41578FCD29DDA1EF00CBC689 /* ex3-3.c */; };
		41578FD229DE579600CBC689 /* ex3-4.c in Sources */ = {isa = PBXBuildFile; fileRef = 41578FD129DE579600CBC689 /* ex3-4.c */; };
		41578FD529DE593400CBC689 /* listS.c in Sources */ = {isa = PBXBuildFile; fileRef = 41578FD429DE593400CBC689 /* listS.c */; };
		41578FE229DF020E00CBC689 /* ex3-5.c in Sources */ = {isa = PBXBuildFile; fileRef = 41578FE129DF020E00CBC689 /* ex3-5.c */; };
		41578FE529DF0CE700CBC689 /* smTranspose.c in Sources */ = {isa = PBXBuildFile; fileRef = 41578FE429DF0CE700CBC689 /* smTranspose.c */; };
		415B137A29ED7F86008F6F9C /* ex5-1.c in Sources */ = {isa = PBXBuildFile; fileRef = 415B137929ED7F86008F6F9C /* ex5-1.c */; };
		415B138029ED7FA2008F6F9C /* stackS.c in Sources */ = {isa = PBXBuildFile; fileRef = 415B137F29ED7FA2008F6F9C /* stackS.c */; };
		415B138229ED86FD008F6F9C /* ex5-2.c in Sources */ = {isa = PBXBuildFile; fileRef = 415B138129ED86FD008F6F9C /* ex5-2.c */; };
		415B138529ED871D008F6F9C /* StackL.c in Sources */ = {isa = PBXBuildFile; fileRef = 415B138429ED871D008F6F9C /* StackL.c */; };
		416DFCF229E59E9A009BD193 /* CircularLinkedList.c in Sources */ = {isa = PBXBuildFile; fileRef = 416DFCF129E59E9A009BD193 /* CircularLinkedList.c */; };
		416DFCF429E5A1F5009BD193 /* ex4-3.c in Sources */ = {isa = PBXBuildFile; fileRef = 416DFCF329E5A1F5009BD193 /* ex4-3.c */; };
		41911B062A1B984800F43E9C /* ex7-1.c in Sources */ = {isa = PBXBuildFile; fileRef = 41911B052A1B984800F43E9C /* ex7-1.c */; };
		41911B0C2A1B987200F43E9C /* traversalBT.c in Sources */ = {isa = PBXBuildFile; fileRef = 41911B0B2A1B987200F43E9C /* traversalBT.c */; };
		41911B0F2A1B9FC400F43E9C /* folderSize.c in Sources */ = {isa = PBXBuildFile; fileRef = 41911B0E2A1B9FC400F43E9C /* folderSize.c */; };
		4192303229E31A0F005A3B31 /* ex4-1.c in Sources */ = {isa = PBXBuildFile; fileRef = 4192303129E31A0F005A3B31 /* ex4-1.c */; };
		4192303829E31A43005A3B31 /* InsertLinkedList.c in Sources */ = {isa = PBXBuildFile; fileRef = 4192303729E31A43005A3B31 /* InsertLinkedList.c */; };
		4192303B29E33B11005A3B31 /* LinkedList.c in Sources */ = {isa = PBXBuildFile; fileRef = 4192303A29E33B11005A3B31 /* LinkedList.c */; };
		4192303D29E33B21005A3B31 /* ex4-2.c in Sources */ = {isa = PBXBuildFile; fileRef = 4192303C29E33B21005A3B31 /* ex4-2.c */; };
		41EFD11229D1F17F00BA0AB1 /* ex2-13.c in Sources */ = {isa = PBXBuildFile; fileRef = 41EFD11129D1F17F00BA0AB1 /* ex2-13.c */; };
		41EFD11429D1F59600BA0AB1 /* ex2-14.c in Sources */ = {isa = PBXBuildFile; fileRef = 41EFD11329D1F59600BA0AB1 /* ex2-14.c */; };
		41EFD11629D1F84900BA0AB1 /* ex2-15.c in Sources */ = {isa = PBXBuildFile; fileRef = 41EFD11529D1F84900BA0AB1 /* ex2-15.c */; };
/* End PBXBuildFile section */

/* Begin PBXCopyFilesBuildPhase section */
		4147654129CB52BB00512725 /* CopyFiles */ = {
			isa = PBXCopyFilesBuildPhase;
			buildActionMask = 2147483647;
			dstPath = /usr/share/man/man1/;
			dstSubfolderSpec = 0;
			files = (
			);
			runOnlyForDeploymentPostprocessing = 1;
		};
		4147654F29CB52E500512725 /* CopyFiles */ = {
			isa = PBXCopyFilesBuildPhase;
			buildActionMask = 2147483647;
			dstPath = /usr/share/man/man1/;
			dstSubfolderSpec = 0;
			files = (
			);
			runOnlyForDeploymentPostprocessing = 1;
		};
		41578FC229DD9D9000CBC689 /* CopyFiles */ = {
			isa = PBXCopyFilesBuildPhase;
			buildActionMask = 2147483647;
			dstPath = /usr/share/man/man1/;
			dstSubfolderSpec = 0;
			files = (
			);
			runOnlyForDeploymentPostprocessing = 1;
		};
		415B137529ED7F86008F6F9C /* CopyFiles */ = {
			isa = PBXCopyFilesBuildPhase;
			buildActionMask = 2147483647;
			dstPath = /usr/share/man/man1/;
			dstSubfolderSpec = 0;
			files = (
			);
			runOnlyForDeploymentPostprocessing = 1;
		};
		41911B012A1B984800F43E9C /* CopyFiles */ = {
			isa = PBXCopyFilesBuildPhase;
			buildActionMask = 2147483647;
			dstPath = /usr/share/man/man1/;
			dstSubfolderSpec = 0;
			files = (
			);
			runOnlyForDeploymentPostprocessing = 1;
		};
		4192302D29E31A0F005A3B31 /* CopyFiles */ = {
			isa = PBXCopyFilesBuildPhase;
			buildActionMask = 2147483647;
			dstPath = /usr/share/man/man1/;
			dstSubfolderSpec = 0;
			files = (
			);
			runOnlyForDeploymentPostprocessing = 1;
		};
/* End PBXCopyFilesBuildPhase section */

/* Begin PBXFileReference section */
		413FEB7129EEDDDA00B196FF /* 미친과제.c */ = {isa = PBXFileReference; lastKnownFileType = sourcecode.c.c; path = "미친과제.c"; sourceTree = "<group>"; };
		413FEB7329EEDE3700B196FF /* 진짜미친과제.h */ = {isa = PBXFileReference; lastKnownFileType = sourcecode.c.h; path = "진짜미친과제.h"; sourceTree = "<group>"; };
		413FEB7429EEDE3700B196FF /* 진짜미친과제.c */ = {isa = PBXFileReference; lastKnownFileType = sourcecode.c.c; path = "진짜미친과제.c"; sourceTree = "<group>"; };
		4147654329CB52BB00512725 /* codesDS */ = {isa = PBXFileReference; explicitFileType = "compiled.mach-o.executable"; includeInIndex = 0; path = codesDS; sourceTree = BUILT_PRODUCTS_DIR; };
		4147654629CB52BB00512725 /* main.c */ = {isa = PBXFileReference; lastKnownFileType = sourcecode.c.c; path = main.c; sourceTree = "<group>"; };
		4147655129CB52E500512725 /* CH02 */ = {isa = PBXFileReference; explicitFileType = "compiled.mach-o.executable"; includeInIndex = 0; path = CH02; sourceTree = BUILT_PRODUCTS_DIR; };
		4147655329CB52E500512725 /* ex2-3.c */ = {isa = PBXFileReference; lastKnownFileType = sourcecode.c.c; path = "ex2-3.c"; sourceTree = "<group>"; };
		4147655829CC93CA00512725 /* ex2-5.c */ = {isa = PBXFileReference; lastKnownFileType = sourcecode.c.c; path = "ex2-5.c"; sourceTree = "<group>"; };
		4147655A29CC971500512725 /* ex2-6.c */ = {isa = PBXFileReference; lastKnownFileType = sourcecode.c.c; path = "ex2-6.c"; sourceTree = "<group>"; };
		4147655C29CC983B00512725 /* ex2-7.c */ = {isa = PBXFileReference; lastKnownFileType = sourcecode.c.c; path = "ex2-7.c"; sourceTree = "<group>"; };
		4147655E29CCA2CA00512725 /* ex2-12.c */ = {isa = PBXFileReference; lastKnownFileType = sourcecode.c.c; path = "ex2-12.c"; sourceTree = "<group>"; };
		41578FC429DD9D9000CBC689 /* CH03 */ = {isa = PBXFileReference; explicitFileType = "compiled.mach-o.executable"; includeInIndex = 0; path = CH03; sourceTree = BUILT_PRODUCTS_DIR; };
		41578FC629DD9D9000CBC689 /* ex3-1.c */ = {isa = PBXFileReference; lastKnownFileType = sourcecode.c.c; path = "ex3-1.c"; sourceTree = "<group>"; };
		41578FCB29DDA04800CBC689 /* ex3-2.c */ = {isa = PBXFileReference; lastKnownFileType = sourcecode.c.c; path = "ex3-2.c"; sourceTree = "<group>"; };
		41578FCD29DDA1EF00CBC689 /* ex3-3.c */ = {isa = PBXFileReference; lastKnownFileType = sourcecode.c.c; path = "ex3-3.c"; sourceTree = "<group>"; };
		41578FD129DE579600CBC689 /* ex3-4.c */ = {isa = PBXFileReference; lastKnownFileType = sourcecode.c.c; path = "ex3-4.c"; sourceTree = "<group>"; };
		41578FD329DE593400CBC689 /* listS.h */ = {isa = PBXFileReference; lastKnownFileType = sourcecode.c.h; path = listS.h; sourceTree = "<group>"; };
		41578FD429DE593400CBC689 /* listS.c */ = {isa = PBXFileReference; lastKnownFileType = sourcecode.c.c; path = listS.c; sourceTree = "<group>"; };
		41578FE129DF020E00CBC689 /* ex3-5.c */ = {isa = PBXFileReference; lastKnownFileType = sourcecode.c.c; path = "ex3-5.c"; sourceTree = "<group>"; };
		41578FE329DF0CE700CBC689 /* smTranspose.h */ = {isa = PBXFileReference; lastKnownFileType = sourcecode.c.h; path = smTranspose.h; sourceTree = "<group>"; };
		41578FE429DF0CE700CBC689 /* smTranspose.c */ = {isa = PBXFileReference; lastKnownFileType = sourcecode.c.c; path = smTranspose.c; sourceTree = "<group>"; };
		415B137729ED7F86008F6F9C /* CH05 */ = {isa = PBXFileReference; explicitFileType = "compiled.mach-o.executable"; includeInIndex = 0; path = CH05; sourceTree = BUILT_PRODUCTS_DIR; };
		415B137929ED7F86008F6F9C /* ex5-1.c */ = {isa = PBXFileReference; lastKnownFileType = sourcecode.c.c; path = "ex5-1.c"; sourceTree = "<group>"; };
		415B137E29ED7FA2008F6F9C /* stackS.h */ = {isa = PBXFileReference; lastKnownFileType = sourcecode.c.h; path = stackS.h; sourceTree = "<group>"; };
		415B137F29ED7FA2008F6F9C /* stackS.c */ = {isa = PBXFileReference; lastKnownFileType = sourcecode.c.c; path = stackS.c; sourceTree = "<group>"; };
		415B138129ED86FD008F6F9C /* ex5-2.c */ = {isa = PBXFileReference; lastKnownFileType = sourcecode.c.c; path = "ex5-2.c"; sourceTree = "<group>"; };
		415B138329ED871D008F6F9C /* StackL.h */ = {isa = PBXFileReference; lastKnownFileType = sourcecode.c.h; path = StackL.h; sourceTree = "<group>"; };
		415B138429ED871D008F6F9C /* StackL.c */ = {isa = PBXFileReference; lastKnownFileType = sourcecode.c.c; path = StackL.c; sourceTree = "<group>"; };
		416DFCF029E59E9A009BD193 /* CircularLinkedList.h */ = {isa = PBXFileReference; lastKnownFileType = sourcecode.c.h; path = CircularLinkedList.h; sourceTree = "<group>"; };
		416DFCF129E59E9A009BD193 /* CircularLinkedList.c */ = {isa = PBXFileReference; lastKnownFileType = sourcecode.c.c; path = CircularLinkedList.c; sourceTree = "<group>"; };
		416DFCF329E5A1F5009BD193 /* ex4-3.c */ = {isa = PBXFileReference; lastKnownFileType = sourcecode.c.c; path = "ex4-3.c"; sourceTree = "<group>"; };
		41911B032A1B984800F43E9C /* CH07 */ = {isa = PBXFileReference; explicitFileType = "compiled.mach-o.executable"; includeInIndex = 0; path = CH07; sourceTree = BUILT_PRODUCTS_DIR; };
		41911B052A1B984800F43E9C /* ex7-1.c */ = {isa = PBXFileReference; lastKnownFileType = sourcecode.c.c; path = "ex7-1.c"; sourceTree = "<group>"; };
		41911B0A2A1B987200F43E9C /* traversalBT.h */ = {isa = PBXFileReference; lastKnownFileType = sourcecode.c.h; path = traversalBT.h; sourceTree = "<group>"; };
		41911B0B2A1B987200F43E9C /* traversalBT.c */ = {isa = PBXFileReference; lastKnownFileType = sourcecode.c.c; path = traversalBT.c; sourceTree = "<group>"; };
		41911B0D2A1B9FC400F43E9C /* folderSize.h */ = {isa = PBXFileReference; lastKnownFileType = sourcecode.c.h; path = folderSize.h; sourceTree = "<group>"; };
		41911B0E2A1B9FC400F43E9C /* folderSize.c */ = {isa = PBXFileReference; lastKnownFileType = sourcecode.c.c; path = folderSize.c; sourceTree = "<group>"; };
		4192302F29E31A0F005A3B31 /* CH04 */ = {isa = PBXFileReference; explicitFileType = "compiled.mach-o.executable"; includeInIndex = 0; path = CH04; sourceTree = BUILT_PRODUCTS_DIR; };
		4192303129E31A0F005A3B31 /* ex4-1.c */ = {isa = PBXFileReference; lastKnownFileType = sourcecode.c.c; path = "ex4-1.c"; sourceTree = "<group>"; };
		4192303629E31A43005A3B31 /* InsertLinkedList.h */ = {isa = PBXFileReference; lastKnownFileType = sourcecode.c.h; path = InsertLinkedList.h; sourceTree = "<group>"; };
		4192303729E31A43005A3B31 /* InsertLinkedList.c */ = {isa = PBXFileReference; lastKnownFileType = sourcecode.c.c; path = InsertLinkedList.c; sourceTree = "<group>"; };
		4192303929E33B11005A3B31 /* LinkedList.h */ = {isa = PBXFileReference; lastKnownFileType = sourcecode.c.h; path = LinkedList.h; sourceTree = "<group>"; };
		4192303A29E33B11005A3B31 /* LinkedList.c */ = {isa = PBXFileReference; lastKnownFileType = sourcecode.c.c; path = LinkedList.c; sourceTree = "<group>"; };
		4192303C29E33B21005A3B31 /* ex4-2.c */ = {isa = PBXFileReference; lastKnownFileType = sourcecode.c.c; path = "ex4-2.c"; sourceTree = "<group>"; };
		41EFD11129D1F17F00BA0AB1 /* ex2-13.c */ = {isa = PBXFileReference; lastKnownFileType = sourcecode.c.c; path = "ex2-13.c"; sourceTree = "<group>"; };
		41EFD11329D1F59600BA0AB1 /* ex2-14.c */ = {isa = PBXFileReference; lastKnownFileType = sourcecode.c.c; path = "ex2-14.c"; sourceTree = "<group>"; };
		41EFD11529D1F84900BA0AB1 /* ex2-15.c */ = {isa = PBXFileReference; lastKnownFileType = sourcecode.c.c; path = "ex2-15.c"; sourceTree = "<group>"; };
/* End PBXFileReference section */

/* Begin PBXFrameworksBuildPhase section */
		4147654029CB52BB00512725 /* Frameworks */ = {
			isa = PBXFrameworksBuildPhase;
			buildActionMask = 2147483647;
			files = (
			);
			runOnlyForDeploymentPostprocessing = 0;
		};
		4147654E29CB52E500512725 /* Frameworks */ = {
			isa = PBXFrameworksBuildPhase;
			buildActionMask = 2147483647;
			files = (
			);
			runOnlyForDeploymentPostprocessing = 0;
		};
		41578FC129DD9D9000CBC689 /* Frameworks */ = {
			isa = PBXFrameworksBuildPhase;
			buildActionMask = 2147483647;
			files = (
			);
			runOnlyForDeploymentPostprocessing = 0;
		};
		415B137429ED7F86008F6F9C /* Frameworks */ = {
			isa = PBXFrameworksBuildPhase;
			buildActionMask = 2147483647;
			files = (
			);
			runOnlyForDeploymentPostprocessing = 0;
		};
		41911B002A1B984800F43E9C /* Frameworks */ = {
			isa = PBXFrameworksBuildPhase;
			buildActionMask = 2147483647;
			files = (
			);
			runOnlyForDeploymentPostprocessing = 0;
		};
		4192302C29E31A0F005A3B31 /* Frameworks */ = {
			isa = PBXFrameworksBuildPhase;
			buildActionMask = 2147483647;
			files = (
			);
			runOnlyForDeploymentPostprocessing = 0;
		};
/* End PBXFrameworksBuildPhase section */

/* Begin PBXGroup section */
		4147653A29CB52BB00512725 = {
			isa = PBXGroup;
			children = (
				4147654529CB52BB00512725 /* CH01 */,
				4147655229CB52E500512725 /* CH02 */,
				41578FC529DD9D9000CBC689 /* CH03 */,
				4192303029E31A0F005A3B31 /* CH04 */,
				415B137829ED7F86008F6F9C /* CH05 */,
				41911B042A1B984800F43E9C /* CH07 */,
				4147654429CB52BB00512725 /* Products */,
			);
			sourceTree = "<group>";
		};
		4147654429CB52BB00512725 /* Products */ = {
			isa = PBXGroup;
			children = (
				4147654329CB52BB00512725 /* codesDS */,
				4147655129CB52E500512725 /* CH02 */,
				41578FC429DD9D9000CBC689 /* CH03 */,
				4192302F29E31A0F005A3B31 /* CH04 */,
				415B137729ED7F86008F6F9C /* CH05 */,
				41911B032A1B984800F43E9C /* CH07 */,
			);
			name = Products;
			sourceTree = "<group>";
		};
		4147654529CB52BB00512725 /* CH01 */ = {
			isa = PBXGroup;
			children = (
				4147654629CB52BB00512725 /* main.c */,
			);
			path = CH01;
			sourceTree = "<group>";
		};
		4147655229CB52E500512725 /* CH02 */ = {
			isa = PBXGroup;
			children = (
				4147655329CB52E500512725 /* ex2-3.c */,
				4147655829CC93CA00512725 /* ex2-5.c */,
				4147655A29CC971500512725 /* ex2-6.c */,
				4147655C29CC983B00512725 /* ex2-7.c */,
				4147655E29CCA2CA00512725 /* ex2-12.c */,
				41EFD11129D1F17F00BA0AB1 /* ex2-13.c */,
				41EFD11329D1F59600BA0AB1 /* ex2-14.c */,
				41EFD11529D1F84900BA0AB1 /* ex2-15.c */,
			);
			path = CH02;
			sourceTree = "<group>";
		};
		41578FC529DD9D9000CBC689 /* CH03 */ = {
			isa = PBXGroup;
			children = (
				41578FC629DD9D9000CBC689 /* ex3-1.c */,
				41578FCB29DDA04800CBC689 /* ex3-2.c */,
				41578FCD29DDA1EF00CBC689 /* ex3-3.c */,
				41578FD129DE579600CBC689 /* ex3-4.c */,
				41578FD329DE593400CBC689 /* listS.h */,
				41578FD429DE593400CBC689 /* listS.c */,
				41578FE129DF020E00CBC689 /* ex3-5.c */,
				41578FE329DF0CE700CBC689 /* smTranspose.h */,
				41578FE429DF0CE700CBC689 /* smTranspose.c */,
			);
			path = CH03;
			sourceTree = "<group>";
		};
		415B137829ED7F86008F6F9C /* CH05 */ = {
			isa = PBXGroup;
			children = (
				415B137929ED7F86008F6F9C /* ex5-1.c */,
				415B137E29ED7FA2008F6F9C /* stackS.h */,
				415B137F29ED7FA2008F6F9C /* stackS.c */,
				415B138129ED86FD008F6F9C /* ex5-2.c */,
				415B138329ED871D008F6F9C /* StackL.h */,
				415B138429ED871D008F6F9C /* StackL.c */,
				413FEB7129EEDDDA00B196FF /* 미친과제.c */,
				413FEB7329EEDE3700B196FF /* 진짜미친과제.h */,
				413FEB7429EEDE3700B196FF /* 진짜미친과제.c */,
			);
			path = CH05;
			sourceTree = "<group>";
		};
		41911B042A1B984800F43E9C /* CH07 */ = {
			isa = PBXGroup;
			children = (
				41911B052A1B984800F43E9C /* ex7-1.c */,
				41911B0A2A1B987200F43E9C /* traversalBT.h */,
				41911B0B2A1B987200F43E9C /* traversalBT.c */,
				41911B0D2A1B9FC400F43E9C /* folderSize.h */,
				41911B0E2A1B9FC400F43E9C /* folderSize.c */,
			);
			path = CH07;
			sourceTree = "<group>";
		};
		4192303029E31A0F005A3B31 /* CH04 */ = {
			isa = PBXGroup;
			children = (
				4192303129E31A0F005A3B31 /* ex4-1.c */,
				4192303629E31A43005A3B31 /* InsertLinkedList.h */,
				4192303729E31A43005A3B31 /* InsertLinkedList.c */,
				4192303929E33B11005A3B31 /* LinkedList.h */,
				4192303A29E33B11005A3B31 /* LinkedList.c */,
				4192303C29E33B21005A3B31 /* ex4-2.c */,
				416DFCF029E59E9A009BD193 /* CircularLinkedList.h */,
				416DFCF129E59E9A009BD193 /* CircularLinkedList.c */,
				416DFCF329E5A1F5009BD193 /* ex4-3.c */,
			);
			path = CH04;
			sourceTree = "<group>";
		};
/* End PBXGroup section */

/* Begin PBXNativeTarget section */
		4147654229CB52BB00512725 /* codesDS */ = {
			isa = PBXNativeTarget;
			buildConfigurationList = 4147654A29CB52BB00512725 /* Build configuration list for PBXNativeTarget "codesDS" */;
			buildPhases = (
				4147653F29CB52BB00512725 /* Sources */,
				4147654029CB52BB00512725 /* Frameworks */,
				4147654129CB52BB00512725 /* CopyFiles */,
			);
			buildRules = (
			);
			dependencies = (
			);
			name = codesDS;
			productName = codesDS;
			productReference = 4147654329CB52BB00512725 /* codesDS */;
			productType = "com.apple.product-type.tool";
		};
		4147655029CB52E500512725 /* CH02 */ = {
			isa = PBXNativeTarget;
			buildConfigurationList = 4147655529CB52E500512725 /* Build configuration list for PBXNativeTarget "CH02" */;
			buildPhases = (
				4147654D29CB52E500512725 /* Sources */,
				4147654E29CB52E500512725 /* Frameworks */,
				4147654F29CB52E500512725 /* CopyFiles */,
			);
			buildRules = (
			);
			dependencies = (
			);
			name = CH02;
			productName = CH02;
			productReference = 4147655129CB52E500512725 /* CH02 */;
			productType = "com.apple.product-type.tool";
		};
		41578FC329DD9D9000CBC689 /* CH03 */ = {
			isa = PBXNativeTarget;
			buildConfigurationList = 41578FCA29DD9D9000CBC689 /* Build configuration list for PBXNativeTarget "CH03" */;
			buildPhases = (
				41578FC029DD9D9000CBC689 /* Sources */,
				41578FC129DD9D9000CBC689 /* Frameworks */,
				41578FC229DD9D9000CBC689 /* CopyFiles */,
			);
			buildRules = (
			);
			dependencies = (
			);
			name = CH03;
			productName = CH03;
			productReference = 41578FC429DD9D9000CBC689 /* CH03 */;
			productType = "com.apple.product-type.tool";
		};
		415B137629ED7F86008F6F9C /* CH05 */ = {
			isa = PBXNativeTarget;
			buildConfigurationList = 415B137D29ED7F86008F6F9C /* Build configuration list for PBXNativeTarget "CH05" */;
			buildPhases = (
				415B137329ED7F86008F6F9C /* Sources */,
				415B137429ED7F86008F6F9C /* Frameworks */,
				415B137529ED7F86008F6F9C /* CopyFiles */,
			);
			buildRules = (
			);
			dependencies = (
			);
			name = CH05;
			productName = CH05;
			productReference = 415B137729ED7F86008F6F9C /* CH05 */;
			productType = "com.apple.product-type.tool";
		};
		41911B022A1B984800F43E9C /* CH07 */ = {
			isa = PBXNativeTarget;
			buildConfigurationList = 41911B092A1B984800F43E9C /* Build configuration list for PBXNativeTarget "CH07" */;
			buildPhases = (
				41911AFF2A1B984800F43E9C /* Sources */,
				41911B002A1B984800F43E9C /* Frameworks */,
				41911B012A1B984800F43E9C /* CopyFiles */,
			);
			buildRules = (
			);
			dependencies = (
			);
			name = CH07;
			productName = CH07;
			productReference = 41911B032A1B984800F43E9C /* CH07 */;
			productType = "com.apple.product-type.tool";
		};
		4192302E29E31A0F005A3B31 /* CH04 */ = {
			isa = PBXNativeTarget;
			buildConfigurationList = 4192303529E31A0F005A3B31 /* Build configuration list for PBXNativeTarget "CH04" */;
			buildPhases = (
				4192302B29E31A0F005A3B31 /* Sources */,
				4192302C29E31A0F005A3B31 /* Frameworks */,
				4192302D29E31A0F005A3B31 /* CopyFiles */,
			);
			buildRules = (
			);
			dependencies = (
			);
			name = CH04;
			productName = CH04;
			productReference = 4192302F29E31A0F005A3B31 /* CH04 */;
			productType = "com.apple.product-type.tool";
		};
/* End PBXNativeTarget section */

/* Begin PBXProject section */
		4147653B29CB52BB00512725 /* Project object */ = {
			isa = PBXProject;
			attributes = {
				BuildIndependentTargetsInParallel = 1;
				LastUpgradeCheck = 1410;
				TargetAttributes = {
					4147654229CB52BB00512725 = {
						CreatedOnToolsVersion = 14.1;
					};
					4147655029CB52E500512725 = {
						CreatedOnToolsVersion = 14.1;
					};
					41578FC329DD9D9000CBC689 = {
						CreatedOnToolsVersion = 14.1;
					};
					415B137629ED7F86008F6F9C = {
						CreatedOnToolsVersion = 14.1;
					};
					41911B022A1B984800F43E9C = {
						CreatedOnToolsVersion = 14.1;
					};
					4192302E29E31A0F005A3B31 = {
						CreatedOnToolsVersion = 14.1;
					};
				};
			};
			buildConfigurationList = 4147653E29CB52BB00512725 /* Build configuration list for PBXProject "codesDS" */;
			compatibilityVersion = "Xcode 14.0";
			developmentRegion = en;
			hasScannedForEncodings = 0;
			knownRegions = (
				en,
				Base,
			);
			mainGroup = 4147653A29CB52BB00512725;
			productRefGroup = 4147654429CB52BB00512725 /* Products */;
			projectDirPath = "";
			projectRoot = "";
			targets = (
				4147654229CB52BB00512725 /* codesDS */,
				4147655029CB52E500512725 /* CH02 */,
				41578FC329DD9D9000CBC689 /* CH03 */,
				4192302E29E31A0F005A3B31 /* CH04 */,
				415B137629ED7F86008F6F9C /* CH05 */,
				41911B022A1B984800F43E9C /* CH07 */,
			);
		};
/* End PBXProject section */

/* Begin PBXSourcesBuildPhase section */
		4147653F29CB52BB00512725 /* Sources */ = {
			isa = PBXSourcesBuildPhase;
			buildActionMask = 2147483647;
			files = (
				4147654729CB52BB00512725 /* main.c in Sources */,
			);
			runOnlyForDeploymentPostprocessing = 0;
		};
		4147654D29CB52E500512725 /* Sources */ = {
			isa = PBXSourcesBuildPhase;
			buildActionMask = 2147483647;
			files = (
				41EFD11429D1F59600BA0AB1 /* ex2-14.c in Sources */,
				4147655B29CC971500512725 /* ex2-6.c in Sources */,
				4147655F29CCA2CA00512725 /* ex2-12.c in Sources */,
				41EFD11629D1F84900BA0AB1 /* ex2-15.c in Sources */,
				4147655429CB52E500512725 /* ex2-3.c in Sources */,
				41EFD11229D1F17F00BA0AB1 /* ex2-13.c in Sources */,
				4147655929CC93CA00512725 /* ex2-5.c in Sources */,
				4147655D29CC983B00512725 /* ex2-7.c in Sources */,
			);
			runOnlyForDeploymentPostprocessing = 0;
		};
		41578FC029DD9D9000CBC689 /* Sources */ = {
			isa = PBXSourcesBuildPhase;
			buildActionMask = 2147483647;
			files = (
				41578FE229DF020E00CBC689 /* ex3-5.c in Sources */,
				41578FCE29DDA1EF00CBC689 /* ex3-3.c in Sources */,
				41578FD229DE579600CBC689 /* ex3-4.c in Sources */,
				41578FE529DF0CE700CBC689 /* smTranspose.c in Sources */,
				41578FD529DE593400CBC689 /* listS.c in Sources */,
				41578FC729DD9D9000CBC689 /* ex3-1.c in Sources */,
				41578FCC29DDA04800CBC689 /* ex3-2.c in Sources */,
			);
			runOnlyForDeploymentPostprocessing = 0;
		};
		415B137329ED7F86008F6F9C /* Sources */ = {
			isa = PBXSourcesBuildPhase;
			buildActionMask = 2147483647;
			files = (
				413FEB7529EEDE3700B196FF /* 진짜미친과제.c in Sources */,
				415B138229ED86FD008F6F9C /* ex5-2.c in Sources */,
				413FEB7229EEDDDA00B196FF /* 미친과제.c in Sources */,
				415B138029ED7FA2008F6F9C /* stackS.c in Sources */,
				415B137A29ED7F86008F6F9C /* ex5-1.c in Sources */,
				415B138529ED871D008F6F9C /* StackL.c in Sources */,
			);
			runOnlyForDeploymentPostprocessing = 0;
		};
		41911AFF2A1B984800F43E9C /* Sources */ = {
			isa = PBXSourcesBuildPhase;
			buildActionMask = 2147483647;
			files = (
				41911B0C2A1B987200F43E9C /* traversalBT.c in Sources */,
				41911B0F2A1B9FC400F43E9C /* folderSize.c in Sources */,
				41911B062A1B984800F43E9C /* ex7-1.c in Sources */,
			);
			runOnlyForDeploymentPostprocessing = 0;
		};
		4192302B29E31A0F005A3B31 /* Sources */ = {
			isa = PBXSourcesBuildPhase;
			buildActionMask = 2147483647;
			files = (
				4192303D29E33B21005A3B31 /* ex4-2.c in Sources */,
				4192303229E31A0F005A3B31 /* ex4-1.c in Sources */,
				416DFCF229E59E9A009BD193 /* CircularLinkedList.c in Sources */,
				416DFCF429E5A1F5009BD193 /* ex4-3.c in Sources */,
				4192303B29E33B11005A3B31 /* LinkedList.c in Sources */,
				4192303829E31A43005A3B31 /* InsertLinkedList.c in Sources */,
			);
			runOnlyForDeploymentPostprocessing = 0;
		};
/* End PBXSourcesBuildPhase section */

/* Begin XCBuildConfiguration section */
		4147654829CB52BB00512725 /* Debug */ = {
			isa = XCBuildConfiguration;
			buildSettings = {
				ALWAYS_SEARCH_USER_PATHS = NO;
				CLANG_ANALYZER_NONNULL = YES;
				CLANG_ANALYZER_NUMBER_OBJECT_CONVERSION = YES_AGGRESSIVE;
				CLANG_CXX_LANGUAGE_STANDARD = "gnu++20";
				CLANG_ENABLE_MODULES = YES;
				CLANG_ENABLE_OBJC_ARC = YES;
				CLANG_ENABLE_OBJC_WEAK = YES;
				CLANG_WARN_BLOCK_CAPTURE_AUTORELEASING = YES;
				CLANG_WARN_BOOL_CONVERSION = YES;
				CLANG_WARN_COMMA = YES;
				CLANG_WARN_CONSTANT_CONVERSION = YES;
				CLANG_WARN_DEPRECATED_OBJC_IMPLEMENTATIONS = YES;
				CLANG_WARN_DIRECT_OBJC_ISA_USAGE = YES_ERROR;
				CLANG_WARN_DOCUMENTATION_COMMENTS = YES;
				CLANG_WARN_EMPTY_BODY = YES;
				CLANG_WARN_ENUM_CONVERSION = YES;
				CLANG_WARN_INFINITE_RECURSION = YES;
				CLANG_WARN_INT_CONVERSION = YES;
				CLANG_WARN_NON_LITERAL_NULL_CONVERSION = YES;
				CLANG_WARN_OBJC_IMPLICIT_RETAIN_SELF = YES;
				CLANG_WARN_OBJC_LITERAL_CONVERSION = YES;
				CLANG_WARN_OBJC_ROOT_CLASS = YES_ERROR;
				CLANG_WARN_QUOTED_INCLUDE_IN_FRAMEWORK_HEADER = YES;
				CLANG_WARN_RANGE_LOOP_ANALYSIS = YES;
				CLANG_WARN_STRICT_PROTOTYPES = YES;
				CLANG_WARN_SUSPICIOUS_MOVE = YES;
				CLANG_WARN_UNGUARDED_AVAILABILITY = YES_AGGRESSIVE;
				CLANG_WARN_UNREACHABLE_CODE = YES;
				CLANG_WARN__DUPLICATE_METHOD_MATCH = YES;
				COPY_PHASE_STRIP = NO;
				DEBUG_INFORMATION_FORMAT = dwarf;
				ENABLE_STRICT_OBJC_MSGSEND = YES;
				ENABLE_TESTABILITY = YES;
				GCC_C_LANGUAGE_STANDARD = gnu11;
				GCC_DYNAMIC_NO_PIC = NO;
				GCC_NO_COMMON_BLOCKS = YES;
				GCC_OPTIMIZATION_LEVEL = 0;
				GCC_PREPROCESSOR_DEFINITIONS = (
					"DEBUG=1",
					"$(inherited)",
				);
				GCC_WARN_64_TO_32_BIT_CONVERSION = YES;
				GCC_WARN_ABOUT_RETURN_TYPE = YES_ERROR;
				GCC_WARN_UNDECLARED_SELECTOR = YES;
				GCC_WARN_UNINITIALIZED_AUTOS = YES_AGGRESSIVE;
				GCC_WARN_UNUSED_FUNCTION = YES;
				GCC_WARN_UNUSED_VARIABLE = YES;
				MACOSX_DEPLOYMENT_TARGET = 13.0;
				MTL_ENABLE_DEBUG_INFO = INCLUDE_SOURCE;
				MTL_FAST_MATH = YES;
				ONLY_ACTIVE_ARCH = YES;
				SDKROOT = macosx;
			};
			name = Debug;
		};
		4147654929CB52BB00512725 /* Release */ = {
			isa = XCBuildConfiguration;
			buildSettings = {
				ALWAYS_SEARCH_USER_PATHS = NO;
				CLANG_ANALYZER_NONNULL = YES;
				CLANG_ANALYZER_NUMBER_OBJECT_CONVERSION = YES_AGGRESSIVE;
				CLANG_CXX_LANGUAGE_STANDARD = "gnu++20";
				CLANG_ENABLE_MODULES = YES;
				CLANG_ENABLE_OBJC_ARC = YES;
				CLANG_ENABLE_OBJC_WEAK = YES;
				CLANG_WARN_BLOCK_CAPTURE_AUTORELEASING = YES;
				CLANG_WARN_BOOL_CONVERSION = YES;
				CLANG_WARN_COMMA = YES;
				CLANG_WARN_CONSTANT_CONVERSION = YES;
				CLANG_WARN_DEPRECATED_OBJC_IMPLEMENTATIONS = YES;
				CLANG_WARN_DIRECT_OBJC_ISA_USAGE = YES_ERROR;
				CLANG_WARN_DOCUMENTATION_COMMENTS = YES;
				CLANG_WARN_EMPTY_BODY = YES;
				CLANG_WARN_ENUM_CONVERSION = YES;
				CLANG_WARN_INFINITE_RECURSION = YES;
				CLANG_WARN_INT_CONVERSION = YES;
				CLANG_WARN_NON_LITERAL_NULL_CONVERSION = YES;
				CLANG_WARN_OBJC_IMPLICIT_RETAIN_SELF = YES;
				CLANG_WARN_OBJC_LITERAL_CONVERSION = YES;
				CLANG_WARN_OBJC_ROOT_CLASS = YES_ERROR;
				CLANG_WARN_QUOTED_INCLUDE_IN_FRAMEWORK_HEADER = YES;
				CLANG_WARN_RANGE_LOOP_ANALYSIS = YES;
				CLANG_WARN_STRICT_PROTOTYPES = YES;
				CLANG_WARN_SUSPICIOUS_MOVE = YES;
				CLANG_WARN_UNGUARDED_AVAILABILITY = YES_AGGRESSIVE;
				CLANG_WARN_UNREACHABLE_CODE = YES;
				CLANG_WARN__DUPLICATE_METHOD_MATCH = YES;
				COPY_PHASE_STRIP = NO;
				DEBUG_INFORMATION_FORMAT = "dwarf-with-dsym";
				ENABLE_NS_ASSERTIONS = NO;
				ENABLE_STRICT_OBJC_MSGSEND = YES;
				GCC_C_LANGUAGE_STANDARD = gnu11;
				GCC_NO_COMMON_BLOCKS = YES;
				GCC_WARN_64_TO_32_BIT_CONVERSION = YES;
				GCC_WARN_ABOUT_RETURN_TYPE = YES_ERROR;
				GCC_WARN_UNDECLARED_SELECTOR = YES;
				GCC_WARN_UNINITIALIZED_AUTOS = YES_AGGRESSIVE;
				GCC_WARN_UNUSED_FUNCTION = YES;
				GCC_WARN_UNUSED_VARIABLE = YES;
				MACOSX_DEPLOYMENT_TARGET = 13.0;
				MTL_ENABLE_DEBUG_INFO = NO;
				MTL_FAST_MATH = YES;
				SDKROOT = macosx;
			};
			name = Release;
		};
		4147654B29CB52BB00512725 /* Debug */ = {
			isa = XCBuildConfiguration;
			buildSettings = {
				CODE_SIGN_STYLE = Automatic;
				PRODUCT_NAME = "$(TARGET_NAME)";
			};
			name = Debug;
		};
		4147654C29CB52BB00512725 /* Release */ = {
			isa = XCBuildConfiguration;
			buildSettings = {
				CODE_SIGN_STYLE = Automatic;
				PRODUCT_NAME = "$(TARGET_NAME)";
			};
			name = Release;
		};
		4147655629CB52E500512725 /* Debug */ = {
			isa = XCBuildConfiguration;
			buildSettings = {
				CODE_SIGN_STYLE = Automatic;
				PRODUCT_NAME = "$(TARGET_NAME)";
			};
			name = Debug;
		};
		4147655729CB52E500512725 /* Release */ = {
			isa = XCBuildConfiguration;
			buildSettings = {
				CODE_SIGN_STYLE = Automatic;
				PRODUCT_NAME = "$(TARGET_NAME)";
			};
			name = Release;
		};
		41578FC829DD9D9000CBC689 /* Debug */ = {
			isa = XCBuildConfiguration;
			buildSettings = {
				CODE_SIGN_STYLE = Automatic;
				PRODUCT_NAME = "$(TARGET_NAME)";
			};
			name = Debug;
		};
		41578FC929DD9D9000CBC689 /* Release */ = {
			isa = XCBuildConfiguration;
			buildSettings = {
				CODE_SIGN_STYLE = Automatic;
				PRODUCT_NAME = "$(TARGET_NAME)";
			};
			name = Release;
		};
		415B137B29ED7F86008F6F9C /* Debug */ = {
			isa = XCBuildConfiguration;
			buildSettings = {
				CODE_SIGN_STYLE = Automatic;
				PRODUCT_NAME = "$(TARGET_NAME)";
			};
			name = Debug;
		};
		415B137C29ED7F86008F6F9C /* Release */ = {
			isa = XCBuildConfiguration;
			buildSettings = {
				CODE_SIGN_STYLE = Automatic;
				PRODUCT_NAME = "$(TARGET_NAME)";
			};
			name = Release;
		};
		41911B072A1B984800F43E9C /* Debug */ = {
			isa = XCBuildConfiguration;
			buildSettings = {
				CODE_SIGN_STYLE = Automatic;
				PRODUCT_NAME = "$(TARGET_NAME)";
			};
			name = Debug;
		};
		41911B082A1B984800F43E9C /* Release */ = {
			isa = XCBuildConfiguration;
			buildSettings = {
				CODE_SIGN_STYLE = Automatic;
				PRODUCT_NAME = "$(TARGET_NAME)";
			};
			name = Release;
		};
		4192303329E31A0F005A3B31 /* Debug */ = {
			isa = XCBuildConfiguration;
			buildSettings = {
				CODE_SIGN_STYLE = Automatic;
				PRODUCT_NAME = "$(TARGET_NAME)";
			};
			name = Debug;
		};
		4192303429E31A0F005A3B31 /* Release */ = {
			isa = XCBuildConfiguration;
			buildSettings = {
				CODE_SIGN_STYLE = Automatic;
				PRODUCT_NAME = "$(TARGET_NAME)";
			};
			name = Release;
		};
/* End XCBuildConfiguration section */

/* Begin XCConfigurationList section */
		4147653E29CB52BB00512725 /* Build configuration list for PBXProject "codesDS" */ = {
			isa = XCConfigurationList;
			buildConfigurations = (
				4147654829CB52BB00512725 /* Debug */,
				4147654929CB52BB00512725 /* Release */,
			);
			defaultConfigurationIsVisible = 0;
			defaultConfigurationName = Release;
		};
		4147654A29CB52BB00512725 /* Build configuration list for PBXNativeTarget "codesDS" */ = {
			isa = XCConfigurationList;
			buildConfigurations = (
				4147654B29CB52BB00512725 /* Debug */,
				4147654C29CB52BB00512725 /* Release */,
			);
			defaultConfigurationIsVisible = 0;
			defaultConfigurationName = Release;
		};
		4147655529CB52E500512725 /* Build configuration list for PBXNativeTarget "CH02" */ = {
			isa = XCConfigurationList;
			buildConfigurations = (
				4147655629CB52E500512725 /* Debug */,
				4147655729CB52E500512725 /* Release */,
			);
			defaultConfigurationIsVisible = 0;
			defaultConfigurationName = Release;
		};
		41578FCA29DD9D9000CBC689 /* Build configuration list for PBXNativeTarget "CH03" */ = {
			isa = XCConfigurationList;
			buildConfigurations = (
				41578FC829DD9D9000CBC689 /* Debug */,
				41578FC929DD9D9000CBC689 /* Release */,
			);
			defaultConfigurationIsVisible = 0;
			defaultConfigurationName = Release;
		};
		415B137D29ED7F86008F6F9C /* Build configuration list for PBXNativeTarget "CH05" */ = {
			isa = XCConfigurationList;
			buildConfigurations = (
				415B137B29ED7F86008F6F9C /* Debug */,
				415B137C29ED7F86008F6F9C /* Release */,
			);
			defaultConfigurationIsVisible = 0;
			defaultConfigurationName = Release;
		};
		41911B092A1B984800F43E9C /* Build configuration list for PBXNativeTarget "CH07" */ = {
			isa = XCConfigurationList;
			buildConfigurations = (
				41911B072A1B984800F43E9C /* Debug */,
				41911B082A1B984800F43E9C /* Release */,
			);
			defaultConfigurationIsVisible = 0;
			defaultConfigurationName = Release;
		};
		4192303529E31A0F005A3B31 /* Build configuration list for PBXNativeTarget "CH04" */ = {
			isa = XCConfigurationList;
			buildConfigurations = (
				4192303329E31A0F005A3B31 /* Debug */,
				4192303429E31A0F005A3B31 /* Release */,
			);
			defaultConfigurationIsVisible = 0;
			defaultConfigurationName = Release;
		};
/* End XCConfigurationList section */
	};
	rootObject = 4147653B29CB52BB00512725 /* Project object */;
}
