// !$*UTF8*$!
{
	archiveVersion = 1;
	classes = {
	};
	objectVersion = 56;
	objects = {

/* Begin PBXBuildFile section */
		4147654729CB52BB00512725 /* main.c in Sources */ = {isa = PBXBuildFile; fileRef = 4147654629CB52BB00512725 /* main.c */; };
		4147655429CB52E500512725 /* ex2-3.c in Sources */ = {isa = PBXBuildFile; fileRef = 4147655329CB52E500512725 /* ex2-3.c */; };
		4147655929CC93CA00512725 /* ex2-5.c in Sources */ = {isa = PBXBuildFile; fileRef = 4147655829CC93CA00512725 /* ex2-5.c */; };
		4147655B29CC971500512725 /* ex2-6.c in Sources */ = {isa = PBXBuildFile; fileRef = 4147655A29CC971500512725 /* ex2-6.c */; };
		4147655D29CC983B00512725 /* ex2-7.c in Sources */ = {isa = PBXBuildFile; fileRef = 4147655C29CC983B00512725 /* ex2-7.c */; };
		4147655F29CCA2CA00512725 /* ex2-12.c in Sources */ = {isa = PBXBuildFile; fileRef = 4147655E29CCA2CA00512725 /* ex2-12.c */; };
		41578FC729DD9D9000CBC689 /* ex3-1.cpp in Sources */ = {isa = PBXBuildFile; fileRef = 41578FC629DD9D9000CBC689 /* ex3-1.cpp */; };
		41EFD11229D1F17F00BA0AB1 /* ex2-13.c in Sources */ = {isa = PBXBuildFile; fileRef = 41EFD11129D1F17F00BA0AB1 /* ex2-13.c */; };
		41EFD11429D1F59600BA0AB1 /* ex2-14.c in Sources */ = {isa = PBXBuildFile; fileRef = 41EFD11329D1F59600BA0AB1 /* ex2-14.c */; };
		41EFD11629D1F84900BA0AB1 /* ex2-15.c in Sources */ = {isa = PBXBuildFile; fileRef = 41EFD11529D1F84900BA0AB1 /* ex2-15.c */; };
/* End PBXBuildFile section */

/* Begin PBXCopyFilesBuildPhase section */
		4147654129CB52BB00512725 /* CopyFiles */ = {
			isa = PBXCopyFilesBuildPhase;
			buildActionMask = 2147483647;
			dstPath = /usr/share/man/man1/;
			dstSubfolderSpec = 0;
			files = (
			);
			runOnlyForDeploymentPostprocessing = 1;
		};
		4147654F29CB52E500512725 /* CopyFiles */ = {
			isa = PBXCopyFilesBuildPhase;
			buildActionMask = 2147483647;
			dstPath = /usr/share/man/man1/;
			dstSubfolderSpec = 0;
			files = (
			);
			runOnlyForDeploymentPostprocessing = 1;
		};
		41578FC229DD9D9000CBC689 /* CopyFiles */ = {
			isa = PBXCopyFilesBuildPhase;
			buildActionMask = 2147483647;
			dstPath = /usr/share/man/man1/;
			dstSubfolderSpec = 0;
			files = (
			);
			runOnlyForDeploymentPostprocessing = 1;
		};
/* End PBXCopyFilesBuildPhase section */

/* Begin PBXFileReference section */
		4147654329CB52BB00512725 /* codesDS */ = {isa = PBXFileReference; explicitFileType = "compiled.mach-o.executable"; includeInIndex = 0; path = codesDS; sourceTree = BUILT_PRODUCTS_DIR; };
		4147654629CB52BB00512725 /* main.c */ = {isa = PBXFileReference; lastKnownFileType = sourcecode.c.c; path = main.c; sourceTree = "<group>"; };
		4147655129CB52E500512725 /* CH02 */ = {isa = PBXFileReference; explicitFileType = "compiled.mach-o.executable"; includeInIndex = 0; path = CH02; sourceTree = BUILT_PRODUCTS_DIR; };
		4147655329CB52E500512725 /* ex2-3.c */ = {isa = PBXFileReference; lastKnownFileType = sourcecode.c.c; path = "ex2-3.c"; sourceTree = "<group>"; };
		4147655829CC93CA00512725 /* ex2-5.c */ = {isa = PBXFileReference; lastKnownFileType = sourcecode.c.c; path = "ex2-5.c"; sourceTree = "<group>"; };
		4147655A29CC971500512725 /* ex2-6.c */ = {isa = PBXFileReference; lastKnownFileType = sourcecode.c.c; path = "ex2-6.c"; sourceTree = "<group>"; };
		4147655C29CC983B00512725 /* ex2-7.c */ = {isa = PBXFileReference; lastKnownFileType = sourcecode.c.c; path = "ex2-7.c"; sourceTree = "<group>"; };
		4147655E29CCA2CA00512725 /* ex2-12.c */ = {isa = PBXFileReference; lastKnownFileType = sourcecode.c.c; path = "ex2-12.c"; sourceTree = "<group>"; };
		41578FC429DD9D9000CBC689 /* CH03 */ = {isa = PBXFileReference; explicitFileType = "compiled.mach-o.executable"; includeInIndex = 0; path = CH03; sourceTree = BUILT_PRODUCTS_DIR; };
		41578FC629DD9D9000CBC689 /* ex3-1.cpp */ = {isa = PBXFileReference; lastKnownFileType = sourcecode.cpp.cpp; path = "ex3-1.cpp"; sourceTree = "<group>"; };
		41EFD11129D1F17F00BA0AB1 /* ex2-13.c */ = {isa = PBXFileReference; lastKnownFileType = sourcecode.c.c; path = "ex2-13.c"; sourceTree = "<group>"; };
		41EFD11329D1F59600BA0AB1 /* ex2-14.c */ = {isa = PBXFileReference; lastKnownFileType = sourcecode.c.c; path = "ex2-14.c"; sourceTree = "<group>"; };
		41EFD11529D1F84900BA0AB1 /* ex2-15.c */ = {isa = PBXFileReference; lastKnownFileType = sourcecode.c.c; path = "ex2-15.c"; sourceTree = "<group>"; };
/* End PBXFileReference section */

/* Begin PBXFrameworksBuildPhase section */
		4147654029CB52BB00512725 /* Frameworks */ = {
			isa = PBXFrameworksBuildPhase;
			buildActionMask = 2147483647;
			files = (
			);
			runOnlyForDeploymentPostprocessing = 0;
		};
		4147654E29CB52E500512725 /* Frameworks */ = {
			isa = PBXFrameworksBuildPhase;
			buildActionMask = 2147483647;
			files = (
			);
			runOnlyForDeploymentPostprocessing = 0;
		};
		41578FC129DD9D9000CBC689 /* Frameworks */ = {
			isa = PBXFrameworksBuildPhase;
			buildActionMask = 2147483647;
			files = (
			);
			runOnlyForDeploymentPostprocessing = 0;
		};
/* End PBXFrameworksBuildPhase section */

/* Begin PBXGroup section */
		4147653A29CB52BB00512725 = {
			isa = PBXGroup;
			children = (
				4147654529CB52BB00512725 /* CH01 */,
				4147655229CB52E500512725 /* CH02 */,
				41578FC529DD9D9000CBC689 /* CH03 */,
				4147654429CB52BB00512725 /* Products */,
			);
			sourceTree = "<group>";
		};
		4147654429CB52BB00512725 /* Products */ = {
			isa = PBXGroup;
			children = (
				4147654329CB52BB00512725 /* codesDS */,
				4147655129CB52E500512725 /* CH02 */,
				41578FC429DD9D9000CBC689 /* CH03 */,
			);
			name = Products;
			sourceTree = "<group>";
		};
		4147654529CB52BB00512725 /* CH01 */ = {
			isa = PBXGroup;
			children = (
				4147654629CB52BB00512725 /* main.c */,
			);
			path = CH01;
			sourceTree = "<group>";
		};
		4147655229CB52E500512725 /* CH02 */ = {
			isa = PBXGroup;
			children = (
				4147655329CB52E500512725 /* ex2-3.c */,
				4147655829CC93CA00512725 /* ex2-5.c */,
				4147655A29CC971500512725 /* ex2-6.c */,
				4147655C29CC983B00512725 /* ex2-7.c */,
				4147655E29CCA2CA00512725 /* ex2-12.c */,
				41EFD11129D1F17F00BA0AB1 /* ex2-13.c */,
				41EFD11329D1F59600BA0AB1 /* ex2-14.c */,
				41EFD11529D1F84900BA0AB1 /* ex2-15.c */,
			);
			path = CH02;
			sourceTree = "<group>";
		};
		41578FC529DD9D9000CBC689 /* CH03 */ = {
			isa = PBXGroup;
			children = (
				41578FC629DD9D9000CBC689 /* ex3-1.cpp */,
			);
			path = CH03;
			sourceTree = "<group>";
		};
/* End PBXGroup section */

/* Begin PBXNativeTarget section */
		4147654229CB52BB00512725 /* codesDS */ = {
			isa = PBXNativeTarget;
			buildConfigurationList = 4147654A29CB52BB00512725 /* Build configuration list for PBXNativeTarget "codesDS" */;
			buildPhases = (
				4147653F29CB52BB00512725 /* Sources */,
				4147654029CB52BB00512725 /* Frameworks */,
				4147654129CB52BB00512725 /* CopyFiles */,
			);
			buildRules = (
			);
			dependencies = (
			);
			name = codesDS;
			productName = codesDS;
			productReference = 4147654329CB52BB00512725 /* codesDS */;
			productType = "com.apple.product-type.tool";
		};
		4147655029CB52E500512725 /* CH02 */ = {
			isa = PBXNativeTarget;
			buildConfigurationList = 4147655529CB52E500512725 /* Build configuration list for PBXNativeTarget "CH02" */;
			buildPhases = (
				4147654D29CB52E500512725 /* Sources */,
				4147654E29CB52E500512725 /* Frameworks */,
				4147654F29CB52E500512725 /* CopyFiles */,
			);
			buildRules = (
			);
			dependencies = (
			);
			name = CH02;
			productName = CH02;
			productReference = 4147655129CB52E500512725 /* CH02 */;
			productType = "com.apple.product-type.tool";
		};
		41578FC329DD9D9000CBC689 /* CH03 */ = {
			isa = PBXNativeTarget;
			buildConfigurationList = 41578FCA29DD9D9000CBC689 /* Build configuration list for PBXNativeTarget "CH03" */;
			buildPhases = (
				41578FC029DD9D9000CBC689 /* Sources */,
				41578FC129DD9D9000CBC689 /* Frameworks */,
				41578FC229DD9D9000CBC689 /* CopyFiles */,
			);
			buildRules = (
			);
			dependencies = (
			);
			name = CH03;
			productName = CH03;
			productReference = 41578FC429DD9D9000CBC689 /* CH03 */;
			productType = "com.apple.product-type.tool";
		};
/* End PBXNativeTarget section */

/* Begin PBXProject section */
		4147653B29CB52BB00512725 /* Project object */ = {
			isa = PBXProject;
			attributes = {
				BuildIndependentTargetsInParallel = 1;
				LastUpgradeCheck = 1410;
				TargetAttributes = {
					4147654229CB52BB00512725 = {
						CreatedOnToolsVersion = 14.1;
					};
					4147655029CB52E500512725 = {
						CreatedOnToolsVersion = 14.1;
					};
					41578FC329DD9D9000CBC689 = {
						CreatedOnToolsVersion = 14.1;
					};
				};
			};
			buildConfigurationList = 4147653E29CB52BB00512725 /* Build configuration list for PBXProject "codesDS" */;
			compatibilityVersion = "Xcode 14.0";
			developmentRegion = en;
			hasScannedForEncodings = 0;
			knownRegions = (
				en,
				Base,
			);
			mainGroup = 4147653A29CB52BB00512725;
			productRefGroup = 4147654429CB52BB00512725 /* Products */;
			projectDirPath = "";
			projectRoot = "";
			targets = (
				4147654229CB52BB00512725 /* codesDS */,
				4147655029CB52E500512725 /* CH02 */,
				41578FC329DD9D9000CBC689 /* CH03 */,
			);
		};
/* End PBXProject section */

/* Begin PBXSourcesBuildPhase section */
		4147653F29CB52BB00512725 /* Sources */ = {
			isa = PBXSourcesBuildPhase;
			buildActionMask = 2147483647;
			files = (
				4147654729CB52BB00512725 /* main.c in Sources */,
			);
			runOnlyForDeploymentPostprocessing = 0;
		};
		4147654D29CB52E500512725 /* Sources */ = {
			isa = PBXSourcesBuildPhase;
			buildActionMask = 2147483647;
			files = (
				41EFD11429D1F59600BA0AB1 /* ex2-14.c in Sources */,
				4147655B29CC971500512725 /* ex2-6.c in Sources */,
				4147655F29CCA2CA00512725 /* ex2-12.c in Sources */,
				41EFD11629D1F84900BA0AB1 /* ex2-15.c in Sources */,
				4147655429CB52E500512725 /* ex2-3.c in Sources */,
				41EFD11229D1F17F00BA0AB1 /* ex2-13.c in Sources */,
				4147655929CC93CA00512725 /* ex2-5.c in Sources */,
				4147655D29CC983B00512725 /* ex2-7.c in Sources */,
			);
			runOnlyForDeploymentPostprocessing = 0;
		};
		41578FC029DD9D9000CBC689 /* Sources */ = {
			isa = PBXSourcesBuildPhase;
			buildActionMask = 2147483647;
			files = (
				41578FC729DD9D9000CBC689 /* ex3-1.cpp in Sources */,
			);
			runOnlyForDeploymentPostprocessing = 0;
		};
/* End PBXSourcesBuildPhase section */

/* Begin XCBuildConfiguration section */
		4147654829CB52BB00512725 /* Debug */ = {
			isa = XCBuildConfiguration;
			buildSettings = {
				ALWAYS_SEARCH_USER_PATHS = NO;
				CLANG_ANALYZER_NONNULL = YES;
				CLANG_ANALYZER_NUMBER_OBJECT_CONVERSION = YES_AGGRESSIVE;
				CLANG_CXX_LANGUAGE_STANDARD = "gnu++20";
				CLANG_ENABLE_MODULES = YES;
				CLANG_ENABLE_OBJC_ARC = YES;
				CLANG_ENABLE_OBJC_WEAK = YES;
				CLANG_WARN_BLOCK_CAPTURE_AUTORELEASING = YES;
				CLANG_WARN_BOOL_CONVERSION = YES;
				CLANG_WARN_COMMA = YES;
				CLANG_WARN_CONSTANT_CONVERSION = YES;
				CLANG_WARN_DEPRECATED_OBJC_IMPLEMENTATIONS = YES;
				CLANG_WARN_DIRECT_OBJC_ISA_USAGE = YES_ERROR;
				CLANG_WARN_DOCUMENTATION_COMMENTS = YES;
				CLANG_WARN_EMPTY_BODY = YES;
				CLANG_WARN_ENUM_CONVERSION = YES;
				CLANG_WARN_INFINITE_RECURSION = YES;
				CLANG_WARN_INT_CONVERSION = YES;
				CLANG_WARN_NON_LITERAL_NULL_CONVERSION = YES;
				CLANG_WARN_OBJC_IMPLICIT_RETAIN_SELF = YES;
				CLANG_WARN_OBJC_LITERAL_CONVERSION = YES;
				CLANG_WARN_OBJC_ROOT_CLASS = YES_ERROR;
				CLANG_WARN_QUOTED_INCLUDE_IN_FRAMEWORK_HEADER = YES;
				CLANG_WARN_RANGE_LOOP_ANALYSIS = YES;
				CLANG_WARN_STRICT_PROTOTYPES = YES;
				CLANG_WARN_SUSPICIOUS_MOVE = YES;
				CLANG_WARN_UNGUARDED_AVAILABILITY = YES_AGGRESSIVE;
				CLANG_WARN_UNREACHABLE_CODE = YES;
				CLANG_WARN__DUPLICATE_METHOD_MATCH = YES;
				COPY_PHASE_STRIP = NO;
				DEBUG_INFORMATION_FORMAT = dwarf;
				ENABLE_STRICT_OBJC_MSGSEND = YES;
				ENABLE_TESTABILITY = YES;
				GCC_C_LANGUAGE_STANDARD = gnu11;
				GCC_DYNAMIC_NO_PIC = NO;
				GCC_NO_COMMON_BLOCKS = YES;
				GCC_OPTIMIZATION_LEVEL = 0;
				GCC_PREPROCESSOR_DEFINITIONS = (
					"DEBUG=1",
					"$(inherited)",
				);
				GCC_WARN_64_TO_32_BIT_CONVERSION = YES;
				GCC_WARN_ABOUT_RETURN_TYPE = YES_ERROR;
				GCC_WARN_UNDECLARED_SELECTOR = YES;
				GCC_WARN_UNINITIALIZED_AUTOS = YES_AGGRESSIVE;
				GCC_WARN_UNUSED_FUNCTION = YES;
				GCC_WARN_UNUSED_VARIABLE = YES;
				MACOSX_DEPLOYMENT_TARGET = 13.0;
				MTL_ENABLE_DEBUG_INFO = INCLUDE_SOURCE;
				MTL_FAST_MATH = YES;
				ONLY_ACTIVE_ARCH = YES;
				SDKROOT = macosx;
			};
			name = Debug;
		};
		4147654929CB52BB00512725 /* Release */ = {
			isa = XCBuildConfiguration;
			buildSettings = {
				ALWAYS_SEARCH_USER_PATHS = NO;
				CLANG_ANALYZER_NONNULL = YES;
				CLANG_ANALYZER_NUMBER_OBJECT_CONVERSION = YES_AGGRESSIVE;
				CLANG_CXX_LANGUAGE_STANDARD = "gnu++20";
				CLANG_ENABLE_MODULES = YES;
				CLANG_ENABLE_OBJC_ARC = YES;
				CLANG_ENABLE_OBJC_WEAK = YES;
				CLANG_WARN_BLOCK_CAPTURE_AUTORELEASING = YES;
				CLANG_WARN_BOOL_CONVERSION = YES;
				CLANG_WARN_COMMA = YES;
				CLANG_WARN_CONSTANT_CONVERSION = YES;
				CLANG_WARN_DEPRECATED_OBJC_IMPLEMENTATIONS = YES;
				CLANG_WARN_DIRECT_OBJC_ISA_USAGE = YES_ERROR;
				CLANG_WARN_DOCUMENTATION_COMMENTS = YES;
				CLANG_WARN_EMPTY_BODY = YES;
				CLANG_WARN_ENUM_CONVERSION = YES;
				CLANG_WARN_INFINITE_RECURSION = YES;
				CLANG_WARN_INT_CONVERSION = YES;
				CLANG_WARN_NON_LITERAL_NULL_CONVERSION = YES;
				CLANG_WARN_OBJC_IMPLICIT_RETAIN_SELF = YES;
				CLANG_WARN_OBJC_LITERAL_CONVERSION = YES;
				CLANG_WARN_OBJC_ROOT_CLASS = YES_ERROR;
				CLANG_WARN_QUOTED_INCLUDE_IN_FRAMEWORK_HEADER = YES;
				CLANG_WARN_RANGE_LOOP_ANALYSIS = YES;
				CLANG_WARN_STRICT_PROTOTYPES = YES;
				CLANG_WARN_SUSPICIOUS_MOVE = YES;
				CLANG_WARN_UNGUARDED_AVAILABILITY = YES_AGGRESSIVE;
				CLANG_WARN_UNREACHABLE_CODE = YES;
				CLANG_WARN__DUPLICATE_METHOD_MATCH = YES;
				COPY_PHASE_STRIP = NO;
				DEBUG_INFORMATION_FORMAT = "dwarf-with-dsym";
				ENABLE_NS_ASSERTIONS = NO;
				ENABLE_STRICT_OBJC_MSGSEND = YES;
				GCC_C_LANGUAGE_STANDARD = gnu11;
				GCC_NO_COMMON_BLOCKS = YES;
				GCC_WARN_64_TO_32_BIT_CONVERSION = YES;
				GCC_WARN_ABOUT_RETURN_TYPE = YES_ERROR;
				GCC_WARN_UNDECLARED_SELECTOR = YES;
				GCC_WARN_UNINITIALIZED_AUTOS = YES_AGGRESSIVE;
				GCC_WARN_UNUSED_FUNCTION = YES;
				GCC_WARN_UNUSED_VARIABLE = YES;
				MACOSX_DEPLOYMENT_TARGET = 13.0;
				MTL_ENABLE_DEBUG_INFO = NO;
				MTL_FAST_MATH = YES;
				SDKROOT = macosx;
			};
			name = Release;
		};
		4147654B29CB52BB00512725 /* Debug */ = {
			isa = XCBuildConfiguration;
			buildSettings = {
				CODE_SIGN_STYLE = Automatic;
				PRODUCT_NAME = "$(TARGET_NAME)";
			};
			name = Debug;
		};
		4147654C29CB52BB00512725 /* Release */ = {
			isa = XCBuildConfiguration;
			buildSettings = {
				CODE_SIGN_STYLE = Automatic;
				PRODUCT_NAME = "$(TARGET_NAME)";
			};
			name = Release;
		};
		4147655629CB52E500512725 /* Debug */ = {
			isa = XCBuildConfiguration;
			buildSettings = {
				CODE_SIGN_STYLE = Automatic;
				PRODUCT_NAME = "$(TARGET_NAME)";
			};
			name = Debug;
		};
		4147655729CB52E500512725 /* Release */ = {
			isa = XCBuildConfiguration;
			buildSettings = {
				CODE_SIGN_STYLE = Automatic;
				PRODUCT_NAME = "$(TARGET_NAME)";
			};
			name = Release;
		};
		41578FC829DD9D9000CBC689 /* Debug */ = {
			isa = XCBuildConfiguration;
			buildSettings = {
				CODE_SIGN_STYLE = Automatic;
				PRODUCT_NAME = "$(TARGET_NAME)";
			};
			name = Debug;
		};
		41578FC929DD9D9000CBC689 /* Release */ = {
			isa = XCBuildConfiguration;
			buildSettings = {
				CODE_SIGN_STYLE = Automatic;
				PRODUCT_NAME = "$(TARGET_NAME)";
			};
			name = Release;
		};
/* End XCBuildConfiguration section */

/* Begin XCConfigurationList section */
		4147653E29CB52BB00512725 /* Build configuration list for PBXProject "codesDS" */ = {
			isa = XCConfigurationList;
			buildConfigurations = (
				4147654829CB52BB00512725 /* Debug */,
				4147654929CB52BB00512725 /* Release */,
			);
			defaultConfigurationIsVisible = 0;
			defaultConfigurationName = Release;
		};
		4147654A29CB52BB00512725 /* Build configuration list for PBXNativeTarget "codesDS" */ = {
			isa = XCConfigurationList;
			buildConfigurations = (
				4147654B29CB52BB00512725 /* Debug */,
				4147654C29CB52BB00512725 /* Release */,
			);
			defaultConfigurationIsVisible = 0;
			defaultConfigurationName = Release;
		};
		4147655529CB52E500512725 /* Build configuration list for PBXNativeTarget "CH02" */ = {
			isa = XCConfigurationList;
			buildConfigurations = (
				4147655629CB52E500512725 /* Debug */,
				4147655729CB52E500512725 /* Release */,
			);
			defaultConfigurationIsVisible = 0;
			defaultConfigurationName = Release;
		};
		41578FCA29DD9D9000CBC689 /* Build configuration list for PBXNativeTarget "CH03" */ = {
			isa = XCConfigurationList;
			buildConfigurations = (
				41578FC829DD9D9000CBC689 /* Debug */,
				41578FC929DD9D9000CBC689 /* Release */,
			);
			defaultConfigurationIsVisible = 0;
			defaultConfigurationName = Release;
		};
/* End XCConfigurationList section */
	};
	rootObject = 4147653B29CB52BB00512725 /* Project object */;
}
